{
  "name": "Mobile-e2e",
  "lockfileVersion": 3,
  "requires": true,
  "packages": {
    "": {
      "dependencies": {
        "node-apk-parser": "^0.2.3"
      }
    },
    "node_modules/adm-zip": {
      "version": "0.4.16",
      "resolved": "https://registry.npmjs.org/adm-zip/-/adm-zip-0.4.16.tgz",
      "integrity": "sha512-TFi4HBKSGfIKsK5YCkKaaFG2m4PEDyViZmEwof3MTIgzimHLto6muaHVpbrljdIvIrFZzEq/p4nafOeLcYegrg==",
      "license": "MIT",
      "engines": {
        "node": ">=0.3.0"
      }
    },
    "node_modules/debug": {
      "version": "0.7.4",
      "resolved": "https://registry.npmjs.org/debug/-/debug-0.7.4.tgz",
      "integrity": "sha512-EohAb3+DSHSGx8carOSKJe8G0ayV5/i609OD0J2orCkuyae7SyZSz2aoLmQF2s0Pj5gITDebwPH7GFBlqOUQ1Q==",
      "engines": {
        "node": "*"
      }
    },
    "node_modules/node-apk-parser": {
      "version": "0.2.3",
      "resolved": "https://registry.npmjs.org/node-apk-parser/-/node-apk-parser-0.2.3.tgz",
      "integrity": "sha512-pvBM7kk3pQLHqgIpS8pwdZN5404rrnsriO+DKegIaxzEWV3mXRJWkBClO7be1YF+E505jEiM2r4lRQhdyZJ1iw==",
      "deprecated": "Package no longer supported. Contact Support at https://www.npmjs.com/support for more info.",
      "license": "Apache-2.0",
      "dependencies": {
        "adm-zip": "~0.4.4",
        "debug": "~0.7.4"
      },
      "engines": {
        "node": ">= 0.10.4"
      }
    }
  }
}
